
Microsoft Visual Studio Solution File, Format Version 12.00
Project("{FAE04EC0-301F-11D3-BF4B-00C04F79EFBC}") = "Sharpsweeper", "Sharpsweeper\Sharpsweeper.csproj", "{BCDD709D-9CBE-4D7E-804F-254DF75AF8C5}"
EndProject
Project("{FAE04EC0-301F-11D3-BF4B-00C04F79EFBC}") = "SharpsweeperTests", "SharpsweeperTests\SharpsweeperTests.csproj", "{CC38EE94-16E9-4787-8C12-F68F4446ACCA}"
EndProject
Global
	GlobalSection(SolutionConfigurationPlatforms) = preSolution
		Debug|Any CPU = Debug|Any CPU
		Release|Any CPU = Release|Any CPU
	EndGlobalSection
	GlobalSection(ProjectConfigurationPlatforms) = postSolution
		{BCDD709D-9CBE-4D7E-804F-254DF75AF8C5}.Debug|Any CPU.ActiveCfg = Debug|Any CPU
		{BCDD709D-9CBE-4D7E-804F-254DF75AF8C5}.Debug|Any CPU.Build.0 = Debug|Any CPU
		{BCDD709D-9CBE-4D7E-804F-254DF75AF8C5}.Release|Any CPU.ActiveCfg = Release|Any CPU
		{BCDD709D-9CBE-4D7E-804F-254DF75AF8C5}.Release|Any CPU.Build.0 = Release|Any CPU
		{CC38EE94-16E9-4787-8C12-F68F4446ACCA}.Debug|Any CPU.ActiveCfg = Debug|Any CPU
		{CC38EE94-16E9-4787-8C12-F68F4446ACCA}.Debug|Any CPU.Build.0 = Debug|Any CPU
		{CC38EE94-16E9-4787-8C12-F68F4446ACCA}.Release|Any CPU.ActiveCfg = Release|Any CPU
		{CC38EE94-16E9-4787-8C12-F68F4446ACCA}.Release|Any CPU.Build.0 = Release|Any CPU
	EndGlobalSection
EndGlobal
